
Microsoft Visual Studio Solution File, Format Version 12.00
# Visual Studio 15
VisualStudioVersion = 15.0.27004.2002
MinimumVisualStudioVersion = 10.0.40219.1
Project("{8BC9CEB8-8B4A-11D0-8D11-00A0C91BC942}") = "Puzzle_binarne", "Puzzle_binarne\Puzzle_binarne.vcxproj", "{2F5B4AAD-5228-4351-AE1D-1C3708C3BE24}"
EndProject
Global
	GlobalSection(SolutionConfigurationPlatforms) = preSolution
		Debug|x64 = Debug|x64
		Debug|x86 = Debug|x86
		Release|x64 = Release|x64
		Release|x86 = Release|x86
	EndGlobalSection
	GlobalSection(ProjectConfigurationPlatforms) = postSolution
		{2F5B4AAD-5228-4351-AE1D-1C3708C3BE24}.Debug|x64.ActiveCfg = Debug|x64
		{2F5B4AAD-5228-4351-AE1D-1C3708C3BE24}.Debug|x64.Build.0 = Debug|x64
		{2F5B4AAD-5228-4351-AE1D-1C3708C3BE24}.Debug|x86.ActiveCfg = Debug|Win32
		{2F5B4AAD-5228-4351-AE1D-1C3708C3BE24}.Debug|x86.Build.0 = Debug|Win32
		{2F5B4AAD-5228-4351-AE1D-1C3708C3BE24}.Release|x64.ActiveCfg = Release|x64
		{2F5B4AAD-5228-4351-AE1D-1C3708C3BE24}.Release|x64.Build.0 = Release|x64
		{2F5B4AAD-5228-4351-AE1D-1C3708C3BE24}.Release|x86.ActiveCfg = Release|Win32
		{2F5B4AAD-5228-4351-AE1D-1C3708C3BE24}.Release|x86.Build.0 = Release|Win32
	EndGlobalSection
	GlobalSection(SolutionProperties) = preSolution
		HideSolutionNode = FALSE
	EndGlobalSection
	GlobalSection(ExtensibilityGlobals) = postSolution
		SolutionGuid = {C8D34130-5B28-4CCA-8158-9F2E8F8D7880}
	EndGlobalSection
EndGlobal
